<?xml version="1.0" encoding="utf-8"?>
<Project ToolsVersion="4.0" xmlns="http://schemas.microsoft.com/developer/msbuild/2003">
  <ItemGroup>
    <Filter Include="Core">
      <UniqueIdentifier>{1e038499-ade5-4107-837f-cb32fb023964}</UniqueIdentifier>
    </Filter>
    <Filter Include="Manager">
      <UniqueIdentifier>{9a40047a-5107-4ee2-93a9-5c3c16f016d8}</UniqueIdentifier>
    </Filter>
  </ItemGroup>
  <ItemGroup>
    <ClCompile Include="src\main.cpp">
      <Filter>Core</Filter>
    </ClCompile>
    <ClCompile Include="src\gameManager.cpp">
      <Filter>Manager</Filter>
    </ClCompile>
    <ClCompile Include="src\event.cpp">
      <Filter>Core</Filter>
    </ClCompile>
  </ItemGroup>
  <ItemGroup>
    <ClInclude Include="include\gameManager.h">
      <Filter>Manager</Filter>
    </ClInclude>
    <ClInclude Include="include\event.h">
      <Filter>Core</Filter>
    </ClInclude>
  </ItemGroup>
</Project>